
Microsoft Visual Studio Solution File, Format Version 12.00
# Visual Studio Version 16
VisualStudioVersion = 16.0.32002.261
MinimumVisualStudioVersion = 10.0.40219.1
Project("{FAE04EC0-301F-11D3-BF4B-00C04F79EFBC}") = "WebApplication1", "WebApplication1\WebApplication1.csproj", "{79BEF09D-F4F0-4081-AA29-E7BEC6D3559B}"
EndProject
Global
	GlobalSection(SolutionConfigurationPlatforms) = preSolution
		Debug|Any CPU = Debug|Any CPU
		Release|Any CPU = Release|Any CPU
	EndGlobalSection
	GlobalSection(ProjectConfigurationPlatforms) = postSolution
		{79BEF09D-F4F0-4081-AA29-E7BEC6D3559B}.Debug|Any CPU.ActiveCfg = Debug|Any CPU
		{79BEF09D-F4F0-4081-AA29-E7BEC6D3559B}.Debug|Any CPU.Build.0 = Debug|Any CPU
		{79BEF09D-F4F0-4081-AA29-E7BEC6D3559B}.Release|Any CPU.ActiveCfg = Release|Any CPU
		{79BEF09D-F4F0-4081-AA29-E7BEC6D3559B}.Release|Any CPU.Build.0 = Release|Any CPU
	EndGlobalSection
	GlobalSection(SolutionProperties) = preSolution
		HideSolutionNode = FALSE
	EndGlobalSection
	GlobalSection(ExtensibilityGlobals) = postSolution
		SolutionGuid = {7173047A-A3C8-41A7-8B62-D29BB7EB7E11}
	EndGlobalSection
EndGlobal
